
Microsoft Visual Studio Solution File, Format Version 12.00
# Visual Studio 14
VisualStudioVersion = 14.0.25420.1
MinimumVisualStudioVersion = 10.0.40219.1
Project("{8BC9CEB8-8B4A-11D0-8D11-00A0C91BC942}") = "BruteForceCrackEncoding", "BruteForceCrackEncoding\BruteForceCrackEncoding.vcxproj", "{0CBF98DC-775C-4887-90F4-D1DDCD042EEE}"
EndProject
Project("{8BC9CEB8-8B4A-11D0-8D11-00A0C91BC942}") = "Ctf1", "Examples\Ctf1\Ctf1.vcxproj", "{AA980919-7984-4D2E-B156-BC3460106CAF}"
EndProject
Project("{8BC9CEB8-8B4A-11D0-8D11-00A0C91BC942}") = "AesCracking", "Examples\AesCracking\AesCracking.vcxproj", "{343DC31C-DCA1-4AB8-99DC-1B65962416B2}"
EndProject
Project("{8BC9CEB8-8B4A-11D0-8D11-00A0C91BC942}") = "Zctf20171", "Examples\Zctf20171\Zctf20171.vcxproj", "{B1410E29-6A43-4A6D-985E-E42A904255A4}"
EndProject
Project("{8BC9CEB8-8B4A-11D0-8D11-00A0C91BC942}") = "Template", "Template\Template.vcxproj", "{C81A047A-796C-4852-A737-B29DB2478659}"
EndProject
Global
	GlobalSection(SolutionConfigurationPlatforms) = preSolution
		Debug|x64 = Debug|x64
		Debug|x86 = Debug|x86
		Release|x64 = Release|x64
		Release|x86 = Release|x86
	EndGlobalSection
	GlobalSection(ProjectConfigurationPlatforms) = postSolution
		{0CBF98DC-775C-4887-90F4-D1DDCD042EEE}.Debug|x64.ActiveCfg = Debug|x64
		{0CBF98DC-775C-4887-90F4-D1DDCD042EEE}.Debug|x64.Build.0 = Debug|x64
		{0CBF98DC-775C-4887-90F4-D1DDCD042EEE}.Debug|x86.ActiveCfg = Debug|Win32
		{0CBF98DC-775C-4887-90F4-D1DDCD042EEE}.Debug|x86.Build.0 = Debug|Win32
		{0CBF98DC-775C-4887-90F4-D1DDCD042EEE}.Release|x64.ActiveCfg = Release|x64
		{0CBF98DC-775C-4887-90F4-D1DDCD042EEE}.Release|x64.Build.0 = Release|x64
		{0CBF98DC-775C-4887-90F4-D1DDCD042EEE}.Release|x86.ActiveCfg = Release|Win32
		{0CBF98DC-775C-4887-90F4-D1DDCD042EEE}.Release|x86.Build.0 = Release|Win32
		{AA980919-7984-4D2E-B156-BC3460106CAF}.Debug|x64.ActiveCfg = Debug|x64
		{AA980919-7984-4D2E-B156-BC3460106CAF}.Debug|x64.Build.0 = Debug|x64
		{AA980919-7984-4D2E-B156-BC3460106CAF}.Debug|x86.ActiveCfg = Debug|Win32
		{AA980919-7984-4D2E-B156-BC3460106CAF}.Debug|x86.Build.0 = Debug|Win32
		{AA980919-7984-4D2E-B156-BC3460106CAF}.Release|x64.ActiveCfg = Release|x64
		{AA980919-7984-4D2E-B156-BC3460106CAF}.Release|x64.Build.0 = Release|x64
		{AA980919-7984-4D2E-B156-BC3460106CAF}.Release|x86.ActiveCfg = Release|Win32
		{AA980919-7984-4D2E-B156-BC3460106CAF}.Release|x86.Build.0 = Release|Win32
		{343DC31C-DCA1-4AB8-99DC-1B65962416B2}.Debug|x64.ActiveCfg = Debug|x64
		{343DC31C-DCA1-4AB8-99DC-1B65962416B2}.Debug|x64.Build.0 = Debug|x64
		{343DC31C-DCA1-4AB8-99DC-1B65962416B2}.Debug|x86.ActiveCfg = Debug|Win32
		{343DC31C-DCA1-4AB8-99DC-1B65962416B2}.Debug|x86.Build.0 = Debug|Win32
		{343DC31C-DCA1-4AB8-99DC-1B65962416B2}.Release|x64.ActiveCfg = Release|x64
		{343DC31C-DCA1-4AB8-99DC-1B65962416B2}.Release|x64.Build.0 = Release|x64
		{343DC31C-DCA1-4AB8-99DC-1B65962416B2}.Release|x86.ActiveCfg = Release|Win32
		{343DC31C-DCA1-4AB8-99DC-1B65962416B2}.Release|x86.Build.0 = Release|Win32
		{B1410E29-6A43-4A6D-985E-E42A904255A4}.Debug|x64.ActiveCfg = Debug|x64
		{B1410E29-6A43-4A6D-985E-E42A904255A4}.Debug|x64.Build.0 = Debug|x64
		{B1410E29-6A43-4A6D-985E-E42A904255A4}.Debug|x86.ActiveCfg = Debug|Win32
		{B1410E29-6A43-4A6D-985E-E42A904255A4}.Debug|x86.Build.0 = Debug|Win32
		{B1410E29-6A43-4A6D-985E-E42A904255A4}.Release|x64.ActiveCfg = Release|x64
		{B1410E29-6A43-4A6D-985E-E42A904255A4}.Release|x64.Build.0 = Release|x64
		{B1410E29-6A43-4A6D-985E-E42A904255A4}.Release|x86.ActiveCfg = Release|Win32
		{B1410E29-6A43-4A6D-985E-E42A904255A4}.Release|x86.Build.0 = Release|Win32
		{C81A047A-796C-4852-A737-B29DB2478659}.Debug|x64.ActiveCfg = Debug|x64
		{C81A047A-796C-4852-A737-B29DB2478659}.Debug|x64.Build.0 = Debug|x64
		{C81A047A-796C-4852-A737-B29DB2478659}.Debug|x86.ActiveCfg = Debug|Win32
		{C81A047A-796C-4852-A737-B29DB2478659}.Debug|x86.Build.0 = Debug|Win32
		{C81A047A-796C-4852-A737-B29DB2478659}.Release|x64.ActiveCfg = Release|x64
		{C81A047A-796C-4852-A737-B29DB2478659}.Release|x64.Build.0 = Release|x64
		{C81A047A-796C-4852-A737-B29DB2478659}.Release|x86.ActiveCfg = Release|Win32
		{C81A047A-796C-4852-A737-B29DB2478659}.Release|x86.Build.0 = Release|Win32
	EndGlobalSection
	GlobalSection(SolutionProperties) = preSolution
		HideSolutionNode = FALSE
	EndGlobalSection
EndGlobal
